// !$*UTF8*$!
{
	archiveVersion = 1;
	classes = {
	};
	objectVersion = 56;
	objects = {

/* Begin PBXBuildFile section */
		0904BDA52B3A2BC6005D0FBF /* SearchViewModel.swift in Sources */ = {isa = PBXBuildFile; fileRef = 0904BDA42B3A2BC6005D0FBF /* SearchViewModel.swift */; };
		0904BDA72B3B1B5A005D0FBF /* CardCategoryView.swift in Sources */ = {isa = PBXBuildFile; fileRef = 0904BDA62B3B1B5A005D0FBF /* CardCategoryView.swift */; };
		0904BDA92B3B27C3005D0FBF /* CategoriesResponse.swift in Sources */ = {isa = PBXBuildFile; fileRef = 0904BDA82B3B27C3005D0FBF /* CategoriesResponse.swift */; };
		0904BDAB2B3B2B02005D0FBF /* CategoriesModelCell.swift in Sources */ = {isa = PBXBuildFile; fileRef = 0904BDAA2B3B2B02005D0FBF /* CategoriesModelCell.swift */; };
		093A2F6F2B124A9F00ACDA95 /* BrowseView.swift in Sources */ = {isa = PBXBuildFile; fileRef = 093A2F6E2B124A9F00ACDA95 /* BrowseView.swift */; };
		093A2F732B124E8500ACDA95 /* SearchView.swift in Sources */ = {isa = PBXBuildFile; fileRef = 093A2F722B124E8500ACDA95 /* SearchView.swift */; };
		093A2F752B124EA700ACDA95 /* ProfileView.swift in Sources */ = {isa = PBXBuildFile; fileRef = 093A2F742B124EA700ACDA95 /* ProfileView.swift */; };
		093A2F772B124F2000ACDA95 /* LibraryView.swift in Sources */ = {isa = PBXBuildFile; fileRef = 093A2F762B124F2000ACDA95 /* LibraryView.swift */; };
		093A2F792B124F8500ACDA95 /* TabBarView.swift in Sources */ = {isa = PBXBuildFile; fileRef = 093A2F782B124F8500ACDA95 /* TabBarView.swift */; };
		093A2F7B2B125A4F00ACDA95 /* BrowserViewModel.swift in Sources */ = {isa = PBXBuildFile; fileRef = 093A2F7A2B125A4F00ACDA95 /* BrowserViewModel.swift */; };
		093A2F7D2B125BB200ACDA95 /* APIManager.swift in Sources */ = {isa = PBXBuildFile; fileRef = 093A2F7C2B125BB200ACDA95 /* APIManager.swift */; };
		093A2F7F2B12609600ACDA95 /* NewReleasesResponse.swift in Sources */ = {isa = PBXBuildFile; fileRef = 093A2F7E2B12609600ACDA95 /* NewReleasesResponse.swift */; };
		093A2F812B1260C900ACDA95 /* APIImage.swift in Sources */ = {isa = PBXBuildFile; fileRef = 093A2F802B1260C900ACDA95 /* APIImage.swift */; };
		093A2F832B1260ED00ACDA95 /* ArtistsResponse.swift in Sources */ = {isa = PBXBuildFile; fileRef = 093A2F822B1260EC00ACDA95 /* ArtistsResponse.swift */; };
		093A2F862B12AC2C00ACDA95 /* ModelData.swift in Sources */ = {isa = PBXBuildFile; fileRef = 093A2F852B12AC2C00ACDA95 /* ModelData.swift */; };
		093A2F8C2B12AFE700ACDA95 /* NewReleases.json in Resources */ = {isa = PBXBuildFile; fileRef = 093A2F8B2B12AFE700ACDA95 /* NewReleases.json */; };
		093A2F8E2B12B62D00ACDA95 /* AlbumCoverView.swift in Sources */ = {isa = PBXBuildFile; fileRef = 093A2F8D2B12B62D00ACDA95 /* AlbumCoverView.swift */; };
		093DD8492B0A675C0017C83D /* SpotifyApp.swift in Sources */ = {isa = PBXBuildFile; fileRef = 093DD8482B0A675C0017C83D /* SpotifyApp.swift */; };
		093DD84B2B0A675C0017C83D /* ContentView.swift in Sources */ = {isa = PBXBuildFile; fileRef = 093DD84A2B0A675C0017C83D /* ContentView.swift */; };
		093DD84D2B0A67600017C83D /* Assets.xcassets in Resources */ = {isa = PBXBuildFile; fileRef = 093DD84C2B0A67600017C83D /* Assets.xcassets */; };
		093DD8502B0A67600017C83D /* Preview Assets.xcassets in Resources */ = {isa = PBXBuildFile; fileRef = 093DD84F2B0A67600017C83D /* Preview Assets.xcassets */; };
		093DD85E2B0A6A950017C83D /* LogInView.swift in Sources */ = {isa = PBXBuildFile; fileRef = 093DD85D2B0A6A950017C83D /* LogInView.swift */; };
		093DD8602B0A6ACF0017C83D /* Constants.swift in Sources */ = {isa = PBXBuildFile; fileRef = 093DD85F2B0A6ACF0017C83D /* Constants.swift */; };
		093DD8622B0A7B610017C83D /* CustomButtonModifier.swift in Sources */ = {isa = PBXBuildFile; fileRef = 093DD8612B0A7B610017C83D /* CustomButtonModifier.swift */; };
		093DD8642B0A7EE20017C83D /* Extensions.swift in Sources */ = {isa = PBXBuildFile; fileRef = 093DD8632B0A7EE20017C83D /* Extensions.swift */; };
		093E79382B237208006D072E /* LibraryViewModel.swift in Sources */ = {isa = PBXBuildFile; fileRef = 093E79372B237208006D072E /* LibraryViewModel.swift */; };
		093E793A2B23B158006D072E /* ItemModelCell.swift in Sources */ = {isa = PBXBuildFile; fileRef = 093E79392B23B158006D072E /* ItemModelCell.swift */; };
		093E793C2B23B765006D072E /* ItemCoverView.swift in Sources */ = {isa = PBXBuildFile; fileRef = 093E793B2B23B765006D072E /* ItemCoverView.swift */; };
		094D58E02B13A6B20083CFC6 /* AlbumDetailView.swift in Sources */ = {isa = PBXBuildFile; fileRef = 094D58DF2B13A6B20083CFC6 /* AlbumDetailView.swift */; };
		0954F6512B169C45008B0377 /* TrackModelCell.swift in Sources */ = {isa = PBXBuildFile; fileRef = 0954F6502B169C45008B0377 /* TrackModelCell.swift */; };
		09572DA62B3C87110042C85B /* CategoryView.swift in Sources */ = {isa = PBXBuildFile; fileRef = 09572DA52B3C87110042C85B /* CategoryView.swift */; };
		09572DA82B3C91D80042C85B /* SearchResultView.swift in Sources */ = {isa = PBXBuildFile; fileRef = 09572DA72B3C91D80042C85B /* SearchResultView.swift */; };
		09572DAA2B3C9A700042C85B /* SearchResultResponse.swift in Sources */ = {isa = PBXBuildFile; fileRef = 09572DA92B3C9A700042C85B /* SearchResultResponse.swift */; };
		09572DAC2B3CE5040042C85B /* ArtistModelCell.swift in Sources */ = {isa = PBXBuildFile; fileRef = 09572DAB2B3CE5040042C85B /* ArtistModelCell.swift */; };
		095EA4F92B24BC6000AB99C8 /* LibraryAlbumsResponse.swift in Sources */ = {isa = PBXBuildFile; fileRef = 095EA4F82B24BC6000AB99C8 /* LibraryAlbumsResponse.swift */; };
		095EA4FB2B2752C300AB99C8 /* PlaylistVerticalView.swift in Sources */ = {isa = PBXBuildFile; fileRef = 095EA4FA2B2752C300AB99C8 /* PlaylistVerticalView.swift */; };
		095EA4FD2B276F2700AB99C8 /* PlayButtonView.swift in Sources */ = {isa = PBXBuildFile; fileRef = 095EA4FC2B276F2700AB99C8 /* PlayButtonView.swift */; };
		095EA4FF2B2773A400AB99C8 /* FavoriteButtonView.swift in Sources */ = {isa = PBXBuildFile; fileRef = 095EA4FE2B2773A400AB99C8 /* FavoriteButtonView.swift */; };
		095EA5012B29FCD400AB99C8 /* ShuffleButtonView.swift in Sources */ = {isa = PBXBuildFile; fileRef = 095EA5002B29FCD400AB99C8 /* ShuffleButtonView.swift */; };
		095EA5032B2A0E9F00AB99C8 /* UserPlaylistPVMView.swift in Sources */ = {isa = PBXBuildFile; fileRef = 095EA5022B2A0E9F00AB99C8 /* UserPlaylistPVMView.swift */; };
		095EA5052B2A1FBF00AB99C8 /* LabelTrackView.swift in Sources */ = {isa = PBXBuildFile; fileRef = 095EA5042B2A1FBF00AB99C8 /* LabelTrackView.swift */; };
		095F9C332B1E4D8A00AA8C0D /* ImageModifier.swift in Sources */ = {isa = PBXBuildFile; fileRef = 095F9C322B1E4D8A00AA8C0D /* ImageModifier.swift */; };
		095F9C352B20BF8800AA8C0D /* PlaylistCoverView.swift in Sources */ = {isa = PBXBuildFile; fileRef = 095F9C342B20BF8800AA8C0D /* PlaylistCoverView.swift */; };
		096E23DE2B1A4D7D00986F43 /* PlaySongViewModel.swift in Sources */ = {isa = PBXBuildFile; fileRef = 096E23DD2B1A4D7D00986F43 /* PlaySongViewModel.swift */; };
		0974754A2B2F679B00D308CC /* CreateNewPlaylistView.swift in Sources */ = {isa = PBXBuildFile; fileRef = 097475492B2F679B00D308CC /* CreateNewPlaylistView.swift */; };
		097D53902B0A83E60022E076 /* AuthValidation.swift in Sources */ = {isa = PBXBuildFile; fileRef = 097D538F2B0A83E60022E076 /* AuthValidation.swift */; };
		097D53922B0A85C50022E076 /* AuthViewController.swift in Sources */ = {isa = PBXBuildFile; fileRef = 097D53912B0A85C50022E076 /* AuthViewController.swift */; };
		097D53942B0A86C40022E076 /* AuthManager.swift in Sources */ = {isa = PBXBuildFile; fileRef = 097D53932B0A86C40022E076 /* AuthManager.swift */; };
		097D53972B0A89480022E076 /* AuthResponse.swift in Sources */ = {isa = PBXBuildFile; fileRef = 097D53962B0A89480022E076 /* AuthResponse.swift */; };
		09828ADA2B599AC700330A2B /* OptionsListBrowserView.swift in Sources */ = {isa = PBXBuildFile; fileRef = 09828AD92B599AC700330A2B /* OptionsListBrowserView.swift */; };
		09828ADC2B59A19200330A2B /* GenresListView.swift in Sources */ = {isa = PBXBuildFile; fileRef = 09828ADB2B59A19200330A2B /* GenresListView.swift */; };
		09828ADE2B59BC3600330A2B /* TrackByGenresView.swift in Sources */ = {isa = PBXBuildFile; fileRef = 09828ADD2B59BC3600330A2B /* TrackByGenresView.swift */; };
		099C9FB22B14DD8C00125255 /* NewReleasesModelCell.swift in Sources */ = {isa = PBXBuildFile; fileRef = 099C9FB12B14DD8C00125255 /* NewReleasesModelCell.swift */; };
		099C9FB42B14E61E00125255 /* AlbumDetailModelCell.swift in Sources */ = {isa = PBXBuildFile; fileRef = 099C9FB32B14E61E00125255 /* AlbumDetailModelCell.swift */; };
		099C9FB82B14EB2C00125255 /* AlbumDetail.json in Resources */ = {isa = PBXBuildFile; fileRef = 099C9FB72B14EB2C00125255 /* AlbumDetail.json */; };
		099C9FBA2B14F09B00125255 /* AlbumHeaderView.swift in Sources */ = {isa = PBXBuildFile; fileRef = 099C9FB92B14F09B00125255 /* AlbumHeaderView.swift */; };
		099D485F2B165D9200847372 /* GenreResponse.swift in Sources */ = {isa = PBXBuildFile; fileRef = 099D485E2B165D9200847372 /* GenreResponse.swift */; };
		099D48612B1664D400847372 /* RecomendationResponse.swift in Sources */ = {isa = PBXBuildFile; fileRef = 099D48602B1664D400847372 /* RecomendationResponse.swift */; };
		099D48652B16918900847372 /* RecomendationScrollView.swift in Sources */ = {isa = PBXBuildFile; fileRef = 099D48642B16918900847372 /* RecomendationScrollView.swift */; };
		099E479E2B30AB5B0078BDB6 /* AlbumVerticalView.swift in Sources */ = {isa = PBXBuildFile; fileRef = 099E479D2B30AB5B0078BDB6 /* AlbumVerticalView.swift */; };
		099E47A02B30BB340078BDB6 /* FavoriteTracksResponse.swift in Sources */ = {isa = PBXBuildFile; fileRef = 099E479F2B30BB340078BDB6 /* FavoriteTracksResponse.swift */; };
		09A77CB62B446E1400353F25 /* ArtistView.swift in Sources */ = {isa = PBXBuildFile; fileRef = 09A77CB52B446E1400353F25 /* ArtistView.swift */; };
		09A77CB82B44746800353F25 /* ArtistDetailResponse.swift in Sources */ = {isa = PBXBuildFile; fileRef = 09A77CB72B44746800353F25 /* ArtistDetailResponse.swift */; };
		09A77CBA2B448AE700353F25 /* TopTracksArtistsResponse.swift in Sources */ = {isa = PBXBuildFile; fileRef = 09A77CB92B448AE700353F25 /* TopTracksArtistsResponse.swift */; };
		09A77CC02B4727C600353F25 /* ProfileViewModel.swift in Sources */ = {isa = PBXBuildFile; fileRef = 09A77CBF2B4727C600353F25 /* ProfileViewModel.swift */; };
		09A77CC22B4728C300353F25 /* UserModelCell.swift in Sources */ = {isa = PBXBuildFile; fileRef = 09A77CC12B4728C300353F25 /* UserModelCell.swift */; };
		09A77CC42B4777DC00353F25 /* AlbumsListVerticalView.swift in Sources */ = {isa = PBXBuildFile; fileRef = 09A77CC32B4777DC00353F25 /* AlbumsListVerticalView.swift */; };
		09A8E9EB2B5301D800C192BF /* PlaylistListVerticalView.swift in Sources */ = {isa = PBXBuildFile; fileRef = 09A8E9EA2B5301D800C192BF /* PlaylistListVerticalView.swift */; };
		09A8E9ED2B53080600C192BF /* AlbumsScrollView.swift in Sources */ = {isa = PBXBuildFile; fileRef = 09A8E9EC2B53080600C192BF /* AlbumsScrollView.swift */; };
		09A9A9EE2B2C9CC100013EF9 /* CreatePlaylistsView.swift in Sources */ = {isa = PBXBuildFile; fileRef = 09A9A9ED2B2C9CC100013EF9 /* CreatePlaylistsView.swift */; };
		09A9A9F12B2CB9B100013EF9 /* UserProfileResponse.swift in Sources */ = {isa = PBXBuildFile; fileRef = 09A9A9F02B2CB9B100013EF9 /* UserProfileResponse.swift */; };
		09ADF21F2B1E38CD0054FF3F /* FeaturePlaylistResponse.swift in Sources */ = {isa = PBXBuildFile; fileRef = 09ADF21E2B1E38CD0054FF3F /* FeaturePlaylistResponse.swift */; };
		09ADF2212B1E395B0054FF3F /* UserResponse.swift in Sources */ = {isa = PBXBuildFile; fileRef = 09ADF2202B1E395B0054FF3F /* UserResponse.swift */; };
		09ADF2232B1E41100054FF3F /* PlaylistsModelCell.swift in Sources */ = {isa = PBXBuildFile; fileRef = 09ADF2222B1E41100054FF3F /* PlaylistsModelCell.swift */; };
		09ADF2252B1E436F0054FF3F /* PlaylistScrollView.swift in Sources */ = {isa = PBXBuildFile; fileRef = 09ADF2242B1E436F0054FF3F /* PlaylistScrollView.swift */; };
		09ADF2272B1E44150054FF3F /* FeaturePlaylist.json in Resources */ = {isa = PBXBuildFile; fileRef = 09ADF2262B1E44150054FF3F /* FeaturePlaylist.json */; };
		09C42C582B20C88700C29A94 /* PlaylistDetailViewModel.swift in Sources */ = {isa = PBXBuildFile; fileRef = 09C42C572B20C88700C29A94 /* PlaylistDetailViewModel.swift */; };
		09C42C5A2B20C93100C29A94 /* PlaylistDetailView.swift in Sources */ = {isa = PBXBuildFile; fileRef = 09C42C592B20C93100C29A94 /* PlaylistDetailView.swift */; };
		09C42C5D2B20CDF600C29A94 /* PlaylistDetailResponse.swift in Sources */ = {isa = PBXBuildFile; fileRef = 09C42C5C2B20CDF600C29A94 /* PlaylistDetailResponse.swift */; };
		09C42C5F2B21086800C29A94 /* FeaturePlaylistDetailModelCell.swift in Sources */ = {isa = PBXBuildFile; fileRef = 09C42C5E2B21086800C29A94 /* FeaturePlaylistDetailModelCell.swift */; };
		09C42C612B2111AC00C29A94 /* PlaylistHeaderDetailView.swift in Sources */ = {isa = PBXBuildFile; fileRef = 09C42C602B2111AC00C29A94 /* PlaylistHeaderDetailView.swift */; };
		09CBEF922B3DD58A0021FBBB /* LoadingView.swift in Sources */ = {isa = PBXBuildFile; fileRef = 09CBEF912B3DD58A0021FBBB /* LoadingView.swift */; };
		09CE21BF2B34B35800B0CC7C /* UserPlaylistAVMView.swift in Sources */ = {isa = PBXBuildFile; fileRef = 09CE21BE2B34B35800B0CC7C /* UserPlaylistAVMView.swift */; };
		09D940962B5377FB0094AB37 /* ErrorLoadingView.swift in Sources */ = {isa = PBXBuildFile; fileRef = 09D940952B5377FB0094AB37 /* ErrorLoadingView.swift */; };
		09E4F04E2B1B94C6005BABE5 /* PlaybackManager.swift in Sources */ = {isa = PBXBuildFile; fileRef = 09E4F04D2B1B94C6005BABE5 /* PlaybackManager.swift */; };
		09ECA0E52B177F5400C84DAE /* TrackCoverView.swift in Sources */ = {isa = PBXBuildFile; fileRef = 09ECA0E42B177F5400C84DAE /* TrackCoverView.swift */; };
		09ECA0EA2B18CC8000C84DAE /* PlayView.swift in Sources */ = {isa = PBXBuildFile; fileRef = 09ECA0E92B18CC8000C84DAE /* PlayView.swift */; };
		09ECA0EE2B19057400C84DAE /* VolumenManager.swift in Sources */ = {isa = PBXBuildFile; fileRef = 09ECA0ED2B19057400C84DAE /* VolumenManager.swift */; };
		09F7BC792B13B4D300DE2861 /* AlbumDetailsResponse.swift in Sources */ = {isa = PBXBuildFile; fileRef = 09F7BC782B13B4D300DE2861 /* AlbumDetailsResponse.swift */; };
		09F7BC7B2B13B52800DE2861 /* AudioTrackResponse.swift in Sources */ = {isa = PBXBuildFile; fileRef = 09F7BC7A2B13B52800DE2861 /* AudioTrackResponse.swift */; };
		09F7BC7D2B13BA7200DE2861 /* AlbumDetailViewModel.swift in Sources */ = {isa = PBXBuildFile; fileRef = 09F7BC7C2B13BA7200DE2861 /* AlbumDetailViewModel.swift */; };
		09FFCE422B52082B007E5B93 /* TracksListVerticalView.swift in Sources */ = {isa = PBXBuildFile; fileRef = 09FFCE412B52082B007E5B93 /* TracksListVerticalView.swift */; };
		09FFCE442B52095E007E5B93 /* TitleButtonContexMenuView.swift in Sources */ = {isa = PBXBuildFile; fileRef = 09FFCE432B52095E007E5B93 /* TitleButtonContexMenuView.swift */; };
/* End PBXBuildFile section */

/* Begin PBXFileReference section */
		0904BDA42B3A2BC6005D0FBF /* SearchViewModel.swift */ = {isa = PBXFileReference; lastKnownFileType = sourcecode.swift; path = SearchViewModel.swift; sourceTree = "<group>"; };
		0904BDA62B3B1B5A005D0FBF /* CardCategoryView.swift */ = {isa = PBXFileReference; lastKnownFileType = sourcecode.swift; path = CardCategoryView.swift; sourceTree = "<group>"; };
		0904BDA82B3B27C3005D0FBF /* CategoriesResponse.swift */ = {isa = PBXFileReference; lastKnownFileType = sourcecode.swift; path = CategoriesResponse.swift; sourceTree = "<group>"; };
		0904BDAA2B3B2B02005D0FBF /* CategoriesModelCell.swift */ = {isa = PBXFileReference; lastKnownFileType = sourcecode.swift; path = CategoriesModelCell.swift; sourceTree = "<group>"; };
		093A2F6E2B124A9F00ACDA95 /* BrowseView.swift */ = {isa = PBXFileReference; lastKnownFileType = sourcecode.swift; path = BrowseView.swift; sourceTree = "<group>"; };
		093A2F722B124E8500ACDA95 /* SearchView.swift */ = {isa = PBXFileReference; lastKnownFileType = sourcecode.swift; path = SearchView.swift; sourceTree = "<group>"; };
		093A2F742B124EA700ACDA95 /* ProfileView.swift */ = {isa = PBXFileReference; lastKnownFileType = sourcecode.swift; path = ProfileView.swift; sourceTree = "<group>"; };
		093A2F762B124F2000ACDA95 /* LibraryView.swift */ = {isa = PBXFileReference; lastKnownFileType = sourcecode.swift; path = LibraryView.swift; sourceTree = "<group>"; };
		093A2F782B124F8500ACDA95 /* TabBarView.swift */ = {isa = PBXFileReference; lastKnownFileType = sourcecode.swift; path = TabBarView.swift; sourceTree = "<group>"; };
		093A2F7A2B125A4F00ACDA95 /* BrowserViewModel.swift */ = {isa = PBXFileReference; lastKnownFileType = sourcecode.swift; path = BrowserViewModel.swift; sourceTree = "<group>"; };
		093A2F7C2B125BB200ACDA95 /* APIManager.swift */ = {isa = PBXFileReference; lastKnownFileType = sourcecode.swift; path = APIManager.swift; sourceTree = "<group>"; };
		093A2F7E2B12609600ACDA95 /* NewReleasesResponse.swift */ = {isa = PBXFileReference; lastKnownFileType = sourcecode.swift; path = NewReleasesResponse.swift; sourceTree = "<group>"; };
		093A2F802B1260C900ACDA95 /* APIImage.swift */ = {isa = PBXFileReference; lastKnownFileType = sourcecode.swift; path = APIImage.swift; sourceTree = "<group>"; };
		093A2F822B1260EC00ACDA95 /* ArtistsResponse.swift */ = {isa = PBXFileReference; lastKnownFileType = sourcecode.swift; path = ArtistsResponse.swift; sourceTree = "<group>"; };
		093A2F852B12AC2C00ACDA95 /* ModelData.swift */ = {isa = PBXFileReference; lastKnownFileType = sourcecode.swift; path = ModelData.swift; sourceTree = "<group>"; };
		093A2F8B2B12AFE700ACDA95 /* NewReleases.json */ = {isa = PBXFileReference; lastKnownFileType = text.json; path = NewReleases.json; sourceTree = "<group>"; };
		093A2F8D2B12B62D00ACDA95 /* AlbumCoverView.swift */ = {isa = PBXFileReference; lastKnownFileType = sourcecode.swift; path = AlbumCoverView.swift; sourceTree = "<group>"; };
		093DD8452B0A675C0017C83D /* Spotify.app */ = {isa = PBXFileReference; explicitFileType = wrapper.application; includeInIndex = 0; path = Spotify.app; sourceTree = BUILT_PRODUCTS_DIR; };
		093DD8482B0A675C0017C83D /* SpotifyApp.swift */ = {isa = PBXFileReference; lastKnownFileType = sourcecode.swift; path = SpotifyApp.swift; sourceTree = "<group>"; };
		093DD84A2B0A675C0017C83D /* ContentView.swift */ = {isa = PBXFileReference; lastKnownFileType = sourcecode.swift; path = ContentView.swift; sourceTree = "<group>"; };
		093DD84C2B0A67600017C83D /* Assets.xcassets */ = {isa = PBXFileReference; lastKnownFileType = folder.assetcatalog; path = Assets.xcassets; sourceTree = "<group>"; };
		093DD84F2B0A67600017C83D /* Preview Assets.xcassets */ = {isa = PBXFileReference; lastKnownFileType = folder.assetcatalog; path = "Preview Assets.xcassets"; sourceTree = "<group>"; };
		093DD85D2B0A6A950017C83D /* LogInView.swift */ = {isa = PBXFileReference; lastKnownFileType = sourcecode.swift; path = LogInView.swift; sourceTree = "<group>"; };
		093DD85F2B0A6ACF0017C83D /* Constants.swift */ = {isa = PBXFileReference; lastKnownFileType = sourcecode.swift; path = Constants.swift; sourceTree = "<group>"; };
		093DD8612B0A7B610017C83D /* CustomButtonModifier.swift */ = {isa = PBXFileReference; lastKnownFileType = sourcecode.swift; path = CustomButtonModifier.swift; sourceTree = "<group>"; };
		093DD8632B0A7EE20017C83D /* Extensions.swift */ = {isa = PBXFileReference; lastKnownFileType = sourcecode.swift; path = Extensions.swift; sourceTree = "<group>"; };
		093E79372B237208006D072E /* LibraryViewModel.swift */ = {isa = PBXFileReference; lastKnownFileType = sourcecode.swift; path = LibraryViewModel.swift; sourceTree = "<group>"; };
		093E79392B23B158006D072E /* ItemModelCell.swift */ = {isa = PBXFileReference; lastKnownFileType = sourcecode.swift; path = ItemModelCell.swift; sourceTree = "<group>"; };
		093E793B2B23B765006D072E /* ItemCoverView.swift */ = {isa = PBXFileReference; lastKnownFileType = sourcecode.swift; path = ItemCoverView.swift; sourceTree = "<group>"; };
		094D58DF2B13A6B20083CFC6 /* AlbumDetailView.swift */ = {isa = PBXFileReference; lastKnownFileType = sourcecode.swift; path = AlbumDetailView.swift; sourceTree = "<group>"; };
		0954F6502B169C45008B0377 /* TrackModelCell.swift */ = {isa = PBXFileReference; lastKnownFileType = sourcecode.swift; path = TrackModelCell.swift; sourceTree = "<group>"; };
		09572DA52B3C87110042C85B /* CategoryView.swift */ = {isa = PBXFileReference; lastKnownFileType = sourcecode.swift; path = CategoryView.swift; sourceTree = "<group>"; };
		09572DA72B3C91D80042C85B /* SearchResultView.swift */ = {isa = PBXFileReference; lastKnownFileType = sourcecode.swift; path = SearchResultView.swift; sourceTree = "<group>"; };
		09572DA92B3C9A700042C85B /* SearchResultResponse.swift */ = {isa = PBXFileReference; lastKnownFileType = sourcecode.swift; path = SearchResultResponse.swift; sourceTree = "<group>"; };
		09572DAB2B3CE5040042C85B /* ArtistModelCell.swift */ = {isa = PBXFileReference; lastKnownFileType = sourcecode.swift; path = ArtistModelCell.swift; sourceTree = "<group>"; };
		095EA4F82B24BC6000AB99C8 /* LibraryAlbumsResponse.swift */ = {isa = PBXFileReference; lastKnownFileType = sourcecode.swift; path = LibraryAlbumsResponse.swift; sourceTree = "<group>"; };
		095EA4FA2B2752C300AB99C8 /* PlaylistVerticalView.swift */ = {isa = PBXFileReference; lastKnownFileType = sourcecode.swift; path = PlaylistVerticalView.swift; sourceTree = "<group>"; };
		095EA4FC2B276F2700AB99C8 /* PlayButtonView.swift */ = {isa = PBXFileReference; lastKnownFileType = sourcecode.swift; path = PlayButtonView.swift; sourceTree = "<group>"; };
		095EA4FE2B2773A400AB99C8 /* FavoriteButtonView.swift */ = {isa = PBXFileReference; lastKnownFileType = sourcecode.swift; path = FavoriteButtonView.swift; sourceTree = "<group>"; };
		095EA5002B29FCD400AB99C8 /* ShuffleButtonView.swift */ = {isa = PBXFileReference; lastKnownFileType = sourcecode.swift; path = ShuffleButtonView.swift; sourceTree = "<group>"; };
		095EA5022B2A0E9F00AB99C8 /* UserPlaylistPVMView.swift */ = {isa = PBXFileReference; lastKnownFileType = sourcecode.swift; path = UserPlaylistPVMView.swift; sourceTree = "<group>"; };
		095EA5042B2A1FBF00AB99C8 /* LabelTrackView.swift */ = {isa = PBXFileReference; lastKnownFileType = sourcecode.swift; path = LabelTrackView.swift; sourceTree = "<group>"; };
		095F9C322B1E4D8A00AA8C0D /* ImageModifier.swift */ = {isa = PBXFileReference; lastKnownFileType = sourcecode.swift; path = ImageModifier.swift; sourceTree = "<group>"; };
		095F9C342B20BF8800AA8C0D /* PlaylistCoverView.swift */ = {isa = PBXFileReference; lastKnownFileType = sourcecode.swift; path = PlaylistCoverView.swift; sourceTree = "<group>"; };
		096E23DD2B1A4D7D00986F43 /* PlaySongViewModel.swift */ = {isa = PBXFileReference; lastKnownFileType = sourcecode.swift; path = PlaySongViewModel.swift; sourceTree = "<group>"; };
		097475492B2F679B00D308CC /* CreateNewPlaylistView.swift */ = {isa = PBXFileReference; lastKnownFileType = sourcecode.swift; path = CreateNewPlaylistView.swift; sourceTree = "<group>"; };
		097D538F2B0A83E60022E076 /* AuthValidation.swift */ = {isa = PBXFileReference; lastKnownFileType = sourcecode.swift; path = AuthValidation.swift; sourceTree = "<group>"; };
		097D53912B0A85C50022E076 /* AuthViewController.swift */ = {isa = PBXFileReference; lastKnownFileType = sourcecode.swift; path = AuthViewController.swift; sourceTree = "<group>"; };
		097D53932B0A86C40022E076 /* AuthManager.swift */ = {isa = PBXFileReference; lastKnownFileType = sourcecode.swift; path = AuthManager.swift; sourceTree = "<group>"; };
		097D53962B0A89480022E076 /* AuthResponse.swift */ = {isa = PBXFileReference; lastKnownFileType = sourcecode.swift; path = AuthResponse.swift; sourceTree = "<group>"; };
		09828AD92B599AC700330A2B /* OptionsListBrowserView.swift */ = {isa = PBXFileReference; lastKnownFileType = sourcecode.swift; path = OptionsListBrowserView.swift; sourceTree = "<group>"; };
		09828ADB2B59A19200330A2B /* GenresListView.swift */ = {isa = PBXFileReference; lastKnownFileType = sourcecode.swift; path = GenresListView.swift; sourceTree = "<group>"; };
		09828ADD2B59BC3600330A2B /* TrackByGenresView.swift */ = {isa = PBXFileReference; lastKnownFileType = sourcecode.swift; path = TrackByGenresView.swift; sourceTree = "<group>"; };
		099C9FB12B14DD8C00125255 /* NewReleasesModelCell.swift */ = {isa = PBXFileReference; lastKnownFileType = sourcecode.swift; path = NewReleasesModelCell.swift; sourceTree = "<group>"; };
		099C9FB32B14E61E00125255 /* AlbumDetailModelCell.swift */ = {isa = PBXFileReference; lastKnownFileType = sourcecode.swift; path = AlbumDetailModelCell.swift; sourceTree = "<group>"; };
		099C9FB72B14EB2C00125255 /* AlbumDetail.json */ = {isa = PBXFileReference; lastKnownFileType = text.json; path = AlbumDetail.json; sourceTree = "<group>"; };
		099C9FB92B14F09B00125255 /* AlbumHeaderView.swift */ = {isa = PBXFileReference; lastKnownFileType = sourcecode.swift; path = AlbumHeaderView.swift; sourceTree = "<group>"; };
		099D485E2B165D9200847372 /* GenreResponse.swift */ = {isa = PBXFileReference; lastKnownFileType = sourcecode.swift; path = GenreResponse.swift; sourceTree = "<group>"; };
		099D48602B1664D400847372 /* RecomendationResponse.swift */ = {isa = PBXFileReference; lastKnownFileType = sourcecode.swift; path = RecomendationResponse.swift; sourceTree = "<group>"; };
		099D48642B16918900847372 /* RecomendationScrollView.swift */ = {isa = PBXFileReference; lastKnownFileType = sourcecode.swift; path = RecomendationScrollView.swift; sourceTree = "<group>"; };
		099E479D2B30AB5B0078BDB6 /* AlbumVerticalView.swift */ = {isa = PBXFileReference; lastKnownFileType = sourcecode.swift; path = AlbumVerticalView.swift; sourceTree = "<group>"; };
		099E479F2B30BB340078BDB6 /* FavoriteTracksResponse.swift */ = {isa = PBXFileReference; lastKnownFileType = sourcecode.swift; path = FavoriteTracksResponse.swift; sourceTree = "<group>"; };
		09A77CB52B446E1400353F25 /* ArtistView.swift */ = {isa = PBXFileReference; lastKnownFileType = sourcecode.swift; path = ArtistView.swift; sourceTree = "<group>"; };
		09A77CB72B44746800353F25 /* ArtistDetailResponse.swift */ = {isa = PBXFileReference; lastKnownFileType = sourcecode.swift; path = ArtistDetailResponse.swift; sourceTree = "<group>"; };
		09A77CB92B448AE700353F25 /* TopTracksArtistsResponse.swift */ = {isa = PBXFileReference; lastKnownFileType = sourcecode.swift; path = TopTracksArtistsResponse.swift; sourceTree = "<group>"; };
		09A77CBF2B4727C600353F25 /* ProfileViewModel.swift */ = {isa = PBXFileReference; lastKnownFileType = sourcecode.swift; path = ProfileViewModel.swift; sourceTree = "<group>"; };
		09A77CC12B4728C300353F25 /* UserModelCell.swift */ = {isa = PBXFileReference; lastKnownFileType = sourcecode.swift; path = UserModelCell.swift; sourceTree = "<group>"; };
		09A77CC32B4777DC00353F25 /* AlbumsListVerticalView.swift */ = {isa = PBXFileReference; lastKnownFileType = sourcecode.swift; path = AlbumsListVerticalView.swift; sourceTree = "<group>"; };
		09A8E9EA2B5301D800C192BF /* PlaylistListVerticalView.swift */ = {isa = PBXFileReference; lastKnownFileType = sourcecode.swift; path = PlaylistListVerticalView.swift; sourceTree = "<group>"; };
		09A8E9EC2B53080600C192BF /* AlbumsScrollView.swift */ = {isa = PBXFileReference; lastKnownFileType = sourcecode.swift; path = AlbumsScrollView.swift; sourceTree = "<group>"; };
		09A9A9ED2B2C9CC100013EF9 /* CreatePlaylistsView.swift */ = {isa = PBXFileReference; lastKnownFileType = sourcecode.swift; path = CreatePlaylistsView.swift; sourceTree = "<group>"; };
		09A9A9F02B2CB9B100013EF9 /* UserProfileResponse.swift */ = {isa = PBXFileReference; lastKnownFileType = sourcecode.swift; path = UserProfileResponse.swift; sourceTree = "<group>"; };
		09ADF21E2B1E38CD0054FF3F /* FeaturePlaylistResponse.swift */ = {isa = PBXFileReference; lastKnownFileType = sourcecode.swift; path = FeaturePlaylistResponse.swift; sourceTree = "<group>"; };
		09ADF2202B1E395B0054FF3F /* UserResponse.swift */ = {isa = PBXFileReference; lastKnownFileType = sourcecode.swift; path = UserResponse.swift; sourceTree = "<group>"; };
		09ADF2222B1E41100054FF3F /* PlaylistsModelCell.swift */ = {isa = PBXFileReference; lastKnownFileType = sourcecode.swift; path = PlaylistsModelCell.swift; sourceTree = "<group>"; };
		09ADF2242B1E436F0054FF3F /* PlaylistScrollView.swift */ = {isa = PBXFileReference; lastKnownFileType = sourcecode.swift; path = PlaylistScrollView.swift; sourceTree = "<group>"; };
		09ADF2262B1E44150054FF3F /* FeaturePlaylist.json */ = {isa = PBXFileReference; lastKnownFileType = text.json; path = FeaturePlaylist.json; sourceTree = "<group>"; };
		09C42C572B20C88700C29A94 /* PlaylistDetailViewModel.swift */ = {isa = PBXFileReference; lastKnownFileType = sourcecode.swift; path = PlaylistDetailViewModel.swift; sourceTree = "<group>"; };
		09C42C592B20C93100C29A94 /* PlaylistDetailView.swift */ = {isa = PBXFileReference; lastKnownFileType = sourcecode.swift; path = PlaylistDetailView.swift; sourceTree = "<group>"; };
		09C42C5C2B20CDF600C29A94 /* PlaylistDetailResponse.swift */ = {isa = PBXFileReference; lastKnownFileType = sourcecode.swift; path = PlaylistDetailResponse.swift; sourceTree = "<group>"; };
		09C42C5E2B21086800C29A94 /* FeaturePlaylistDetailModelCell.swift */ = {isa = PBXFileReference; lastKnownFileType = sourcecode.swift; path = FeaturePlaylistDetailModelCell.swift; sourceTree = "<group>"; };
		09C42C602B2111AC00C29A94 /* PlaylistHeaderDetailView.swift */ = {isa = PBXFileReference; lastKnownFileType = sourcecode.swift; path = PlaylistHeaderDetailView.swift; sourceTree = "<group>"; };
		09CBEF912B3DD58A0021FBBB /* LoadingView.swift */ = {isa = PBXFileReference; lastKnownFileType = sourcecode.swift; path = LoadingView.swift; sourceTree = "<group>"; };
		09CE21BE2B34B35800B0CC7C /* UserPlaylistAVMView.swift */ = {isa = PBXFileReference; lastKnownFileType = sourcecode.swift; path = UserPlaylistAVMView.swift; sourceTree = "<group>"; };
		09D940952B5377FB0094AB37 /* ErrorLoadingView.swift */ = {isa = PBXFileReference; lastKnownFileType = sourcecode.swift; path = ErrorLoadingView.swift; sourceTree = "<group>"; };
		09E4F04D2B1B94C6005BABE5 /* PlaybackManager.swift */ = {isa = PBXFileReference; lastKnownFileType = sourcecode.swift; path = PlaybackManager.swift; sourceTree = "<group>"; };
		09ECA0E42B177F5400C84DAE /* TrackCoverView.swift */ = {isa = PBXFileReference; lastKnownFileType = sourcecode.swift; path = TrackCoverView.swift; sourceTree = "<group>"; };
		09ECA0E92B18CC8000C84DAE /* PlayView.swift */ = {isa = PBXFileReference; lastKnownFileType = sourcecode.swift; path = PlayView.swift; sourceTree = "<group>"; };
		09ECA0ED2B19057400C84DAE /* VolumenManager.swift */ = {isa = PBXFileReference; lastKnownFileType = sourcecode.swift; path = VolumenManager.swift; sourceTree = "<group>"; };
		09F7BC782B13B4D300DE2861 /* AlbumDetailsResponse.swift */ = {isa = PBXFileReference; lastKnownFileType = sourcecode.swift; path = AlbumDetailsResponse.swift; sourceTree = "<group>"; };
		09F7BC7A2B13B52800DE2861 /* AudioTrackResponse.swift */ = {isa = PBXFileReference; lastKnownFileType = sourcecode.swift; path = AudioTrackResponse.swift; sourceTree = "<group>"; };
		09F7BC7C2B13BA7200DE2861 /* AlbumDetailViewModel.swift */ = {isa = PBXFileReference; lastKnownFileType = sourcecode.swift; path = AlbumDetailViewModel.swift; sourceTree = "<group>"; };
		09FFCE412B52082B007E5B93 /* TracksListVerticalView.swift */ = {isa = PBXFileReference; lastKnownFileType = sourcecode.swift; path = TracksListVerticalView.swift; sourceTree = "<group>"; };
		09FFCE432B52095E007E5B93 /* TitleButtonContexMenuView.swift */ = {isa = PBXFileReference; lastKnownFileType = sourcecode.swift; path = TitleButtonContexMenuView.swift; sourceTree = "<group>"; };
/* End PBXFileReference section */

/* Begin PBXFrameworksBuildPhase section */
		093DD8422B0A675C0017C83D /* Frameworks */ = {
			isa = PBXFrameworksBuildPhase;
			buildActionMask = 2147483647;
			files = (
			);
			runOnlyForDeploymentPostprocessing = 0;
		};
/* End PBXFrameworksBuildPhase section */

/* Begin PBXGroup section */
		0904BD9E2B3A283F005D0FBF /* Search */ = {
			isa = PBXGroup;
			children = (
				0904BDA12B3A285C005D0FBF /* Model */,
				0904BD9F2B3A284A005D0FBF /* View */,
				0904BDA02B3A2850005D0FBF /* ViewModel */,
			);
			path = Search;
			sourceTree = "<group>";
		};
		0904BD9F2B3A284A005D0FBF /* View */ = {
			isa = PBXGroup;
			children = (
				093A2F722B124E8500ACDA95 /* SearchView.swift */,
			);
			path = View;
			sourceTree = "<group>";
		};
		0904BDA02B3A2850005D0FBF /* ViewModel */ = {
			isa = PBXGroup;
			children = (
				0904BDA42B3A2BC6005D0FBF /* SearchViewModel.swift */,
			);
			path = ViewModel;
			sourceTree = "<group>";
		};
		0904BDA12B3A285C005D0FBF /* Model */ = {
			isa = PBXGroup;
			children = (
				0904BDA82B3B27C3005D0FBF /* CategoriesResponse.swift */,
				09572DA92B3C9A700042C85B /* SearchResultResponse.swift */,
				09A77CB72B44746800353F25 /* ArtistDetailResponse.swift */,
				09A77CB92B448AE700353F25 /* TopTracksArtistsResponse.swift */,
			);
			path = Model;
			sourceTree = "<group>";
		};
		093A2F6D2B124A4000ACDA95 /* View */ = {
			isa = PBXGroup;
			children = (
				093A2F6E2B124A9F00ACDA95 /* BrowseView.swift */,
				093A2F782B124F8500ACDA95 /* TabBarView.swift */,
			);
			path = View;
			sourceTree = "<group>";
		};
		093A2F702B124B6B00ACDA95 /* Model */ = {
			isa = PBXGroup;
			children = (
				093A2F7E2B12609600ACDA95 /* NewReleasesResponse.swift */,
				093A2F802B1260C900ACDA95 /* APIImage.swift */,
				093A2F822B1260EC00ACDA95 /* ArtistsResponse.swift */,
				09ADF21E2B1E38CD0054FF3F /* FeaturePlaylistResponse.swift */,
				09ADF2202B1E395B0054FF3F /* UserResponse.swift */,
			);
			path = Model;
			sourceTree = "<group>";
		};
		093A2F712B124B7300ACDA95 /* ViewModel */ = {
			isa = PBXGroup;
			children = (
				093A2F7A2B125A4F00ACDA95 /* BrowserViewModel.swift */,
			);
			path = ViewModel;
			sourceTree = "<group>";
		};
		093A2F842B12AC0F00ACDA95 /* Data */ = {
			isa = PBXGroup;
			children = (
				093A2F852B12AC2C00ACDA95 /* ModelData.swift */,
				093A2F8B2B12AFE700ACDA95 /* NewReleases.json */,
				099C9FB72B14EB2C00125255 /* AlbumDetail.json */,
				09ADF2262B1E44150054FF3F /* FeaturePlaylist.json */,
			);
			path = Data;
			sourceTree = "<group>";
		};
		093DD83C2B0A675C0017C83D = {
			isa = PBXGroup;
			children = (
				093DD8472B0A675C0017C83D /* Spotify */,
				093DD8462B0A675C0017C83D /* Products */,
			);
			sourceTree = "<group>";
		};
		093DD8462B0A675C0017C83D /* Products */ = {
			isa = PBXGroup;
			children = (
				093DD8452B0A675C0017C83D /* Spotify.app */,
			);
			name = Products;
			sourceTree = "<group>";
		};
		093DD8472B0A675C0017C83D /* Spotify */ = {
			isa = PBXGroup;
			children = (
				095F9C312B1E4D6000AA8C0D /* Modifiers */,
				093DD85C2B0A6A710017C83D /* Manager */,
				093DD8562B0A69FB0017C83D /* Components */,
				093DD8572B0A6A050017C83D /* Helpers */,
				093DD8582B0A6A100017C83D /* Moduls */,
				093DD8482B0A675C0017C83D /* SpotifyApp.swift */,
				093DD84A2B0A675C0017C83D /* ContentView.swift */,
				093A2F842B12AC0F00ACDA95 /* Data */,
				093DD84C2B0A67600017C83D /* Assets.xcassets */,
				093DD84E2B0A67600017C83D /* Preview Content */,
			);
			path = Spotify;
			sourceTree = "<group>";
		};
		093DD84E2B0A67600017C83D /* Preview Content */ = {
			isa = PBXGroup;
			children = (
				093DD84F2B0A67600017C83D /* Preview Assets.xcassets */,
			);
			path = "Preview Content";
			sourceTree = "<group>";
		};
		093DD8562B0A69FB0017C83D /* Components */ = {
			isa = PBXGroup;
			children = (
				093A2F8D2B12B62D00ACDA95 /* AlbumCoverView.swift */,
				099C9FB92B14F09B00125255 /* AlbumHeaderView.swift */,
				099D48642B16918900847372 /* RecomendationScrollView.swift */,
				09ECA0E42B177F5400C84DAE /* TrackCoverView.swift */,
				09ADF2242B1E436F0054FF3F /* PlaylistScrollView.swift */,
				095F9C342B20BF8800AA8C0D /* PlaylistCoverView.swift */,
				09C42C602B2111AC00C29A94 /* PlaylistHeaderDetailView.swift */,
				093E793B2B23B765006D072E /* ItemCoverView.swift */,
				095EA4FA2B2752C300AB99C8 /* PlaylistVerticalView.swift */,
				099E479D2B30AB5B0078BDB6 /* AlbumVerticalView.swift */,
				095EA4FC2B276F2700AB99C8 /* PlayButtonView.swift */,
				095EA4FE2B2773A400AB99C8 /* FavoriteButtonView.swift */,
				095EA5002B29FCD400AB99C8 /* ShuffleButtonView.swift */,
				095EA5022B2A0E9F00AB99C8 /* UserPlaylistPVMView.swift */,
				095EA5042B2A1FBF00AB99C8 /* LabelTrackView.swift */,
				09A9A9ED2B2C9CC100013EF9 /* CreatePlaylistsView.swift */,
				097475492B2F679B00D308CC /* CreateNewPlaylistView.swift */,
				09CE21BE2B34B35800B0CC7C /* UserPlaylistAVMView.swift */,
				0904BDA62B3B1B5A005D0FBF /* CardCategoryView.swift */,
				09572DA52B3C87110042C85B /* CategoryView.swift */,
				09572DA72B3C91D80042C85B /* SearchResultView.swift */,
				09CBEF912B3DD58A0021FBBB /* LoadingView.swift */,
				09A77CB52B446E1400353F25 /* ArtistView.swift */,
				09A77CC32B4777DC00353F25 /* AlbumsListVerticalView.swift */,
				09FFCE412B52082B007E5B93 /* TracksListVerticalView.swift */,
				09FFCE432B52095E007E5B93 /* TitleButtonContexMenuView.swift */,
				09A8E9EA2B5301D800C192BF /* PlaylistListVerticalView.swift */,
				09A8E9EC2B53080600C192BF /* AlbumsScrollView.swift */,
				09D940952B5377FB0094AB37 /* ErrorLoadingView.swift */,
				09828AD92B599AC700330A2B /* OptionsListBrowserView.swift */,
				09828ADB2B59A19200330A2B /* GenresListView.swift */,
				09828ADD2B59BC3600330A2B /* TrackByGenresView.swift */,
			);
			path = Components;
			sourceTree = "<group>";
		};
		093DD8572B0A6A050017C83D /* Helpers */ = {
			isa = PBXGroup;
			children = (
				099C9FB02B14DD0E00125255 /* ModelCell */,
				093DD85F2B0A6ACF0017C83D /* Constants.swift */,
				093DD8612B0A7B610017C83D /* CustomButtonModifier.swift */,
				093DD8632B0A7EE20017C83D /* Extensions.swift */,
			);
			path = Helpers;
			sourceTree = "<group>";
		};
		093DD8582B0A6A100017C83D /* Moduls */ = {
			isa = PBXGroup;
			children = (
				09A9A9EF2B2CB96600013EF9 /* Profile */,
				095F9C362B20C48900AA8C0D /* PlaylistDetail */,
				09ECA0E82B18CC4C00C84DAE /* PlaySong */,
				094D58DB2B139FDB0083CFC6 /* AlbumDetail */,
				093E79312B235FD8006D072E /* Core */,
				093DD8592B0A6A3D0017C83D /* Log In */,
			);
			path = Moduls;
			sourceTree = "<group>";
		};
		093DD8592B0A6A3D0017C83D /* Log In */ = {
			isa = PBXGroup;
			children = (
				097D53952B0A890F0022E076 /* Models */,
				093DD85B2B0A6A680017C83D /* View */,
			);
			path = "Log In";
			sourceTree = "<group>";
		};
		093DD85A2B0A6A5B0017C83D /* Browser */ = {
			isa = PBXGroup;
			children = (
				093A2F702B124B6B00ACDA95 /* Model */,
				093A2F6D2B124A4000ACDA95 /* View */,
				093A2F712B124B7300ACDA95 /* ViewModel */,
			);
			path = Browser;
			sourceTree = "<group>";
		};
		093DD85B2B0A6A680017C83D /* View */ = {
			isa = PBXGroup;
			children = (
				093DD85D2B0A6A950017C83D /* LogInView.swift */,
				097D538F2B0A83E60022E076 /* AuthValidation.swift */,
				097D53912B0A85C50022E076 /* AuthViewController.swift */,
			);
			path = View;
			sourceTree = "<group>";
		};
		093DD85C2B0A6A710017C83D /* Manager */ = {
			isa = PBXGroup;
			children = (
				097D53932B0A86C40022E076 /* AuthManager.swift */,
				093A2F7C2B125BB200ACDA95 /* APIManager.swift */,
				09ECA0ED2B19057400C84DAE /* VolumenManager.swift */,
				09E4F04D2B1B94C6005BABE5 /* PlaybackManager.swift */,
			);
			path = Manager;
			sourceTree = "<group>";
		};
		093E79312B235FD8006D072E /* Core */ = {
			isa = PBXGroup;
			children = (
				09A77CBB2B47263500353F25 /* Profile */,
				0904BD9E2B3A283F005D0FBF /* Search */,
				093E79322B235FE3006D072E /* Library */,
				093DD85A2B0A6A5B0017C83D /* Browser */,
			);
			path = Core;
			sourceTree = "<group>";
		};
		093E79322B235FE3006D072E /* Library */ = {
			isa = PBXGroup;
			children = (
				095EA4F72B24BC4100AB99C8 /* Model */,
				093E79332B235FF1006D072E /* View */,
				093E79342B235FF8006D072E /* ViewModel */,
			);
			path = Library;
			sourceTree = "<group>";
		};
		093E79332B235FF1006D072E /* View */ = {
			isa = PBXGroup;
			children = (
				093A2F762B124F2000ACDA95 /* LibraryView.swift */,
			);
			path = View;
			sourceTree = "<group>";
		};
		093E79342B235FF8006D072E /* ViewModel */ = {
			isa = PBXGroup;
			children = (
				093E79372B237208006D072E /* LibraryViewModel.swift */,
			);
			path = ViewModel;
			sourceTree = "<group>";
		};
		094D58DB2B139FDB0083CFC6 /* AlbumDetail */ = {
			isa = PBXGroup;
			children = (
				094D58DE2B13A2A30083CFC6 /* Model */,
				094D58DC2B13A2940083CFC6 /* View */,
				094D58DD2B13A29A0083CFC6 /* ViewModel */,
			);
			path = AlbumDetail;
			sourceTree = "<group>";
		};
		094D58DC2B13A2940083CFC6 /* View */ = {
			isa = PBXGroup;
			children = (
				094D58DF2B13A6B20083CFC6 /* AlbumDetailView.swift */,
			);
			path = View;
			sourceTree = "<group>";
		};
		094D58DD2B13A29A0083CFC6 /* ViewModel */ = {
			isa = PBXGroup;
			children = (
				09F7BC7C2B13BA7200DE2861 /* AlbumDetailViewModel.swift */,
			);
			path = ViewModel;
			sourceTree = "<group>";
		};
		094D58DE2B13A2A30083CFC6 /* Model */ = {
			isa = PBXGroup;
			children = (
				09F7BC782B13B4D300DE2861 /* AlbumDetailsResponse.swift */,
				09F7BC7A2B13B52800DE2861 /* AudioTrackResponse.swift */,
				099D485E2B165D9200847372 /* GenreResponse.swift */,
				099D48602B1664D400847372 /* RecomendationResponse.swift */,
			);
			path = Model;
			sourceTree = "<group>";
		};
		095EA4F72B24BC4100AB99C8 /* Model */ = {
			isa = PBXGroup;
			children = (
				095EA4F82B24BC6000AB99C8 /* LibraryAlbumsResponse.swift */,
				099E479F2B30BB340078BDB6 /* FavoriteTracksResponse.swift */,
			);
			path = Model;
			sourceTree = "<group>";
		};
		095F9C312B1E4D6000AA8C0D /* Modifiers */ = {
			isa = PBXGroup;
			children = (
				095F9C322B1E4D8A00AA8C0D /* ImageModifier.swift */,
			);
			path = Modifiers;
			sourceTree = "<group>";
		};
		095F9C362B20C48900AA8C0D /* PlaylistDetail */ = {
			isa = PBXGroup;
			children = (
				09C42C5B2B20CDDF00C29A94 /* Model */,
				095F9C372B20C49500AA8C0D /* View */,
				095F9C382B20C49D00AA8C0D /* ViewModel */,
			);
			path = PlaylistDetail;
			sourceTree = "<group>";
		};
		095F9C372B20C49500AA8C0D /* View */ = {
			isa = PBXGroup;
			children = (
				09C42C592B20C93100C29A94 /* PlaylistDetailView.swift */,
			);
			path = View;
			sourceTree = "<group>";
		};
		095F9C382B20C49D00AA8C0D /* ViewModel */ = {
			isa = PBXGroup;
			children = (
				09C42C572B20C88700C29A94 /* PlaylistDetailViewModel.swift */,
			);
			path = ViewModel;
			sourceTree = "<group>";
		};
		097D53952B0A890F0022E076 /* Models */ = {
			isa = PBXGroup;
			children = (
				097D53962B0A89480022E076 /* AuthResponse.swift */,
			);
			path = Models;
			sourceTree = "<group>";
		};
		099C9FB02B14DD0E00125255 /* ModelCell */ = {
			isa = PBXGroup;
			children = (
				099C9FB12B14DD8C00125255 /* NewReleasesModelCell.swift */,
				099C9FB32B14E61E00125255 /* AlbumDetailModelCell.swift */,
				0954F6502B169C45008B0377 /* TrackModelCell.swift */,
				09ADF2222B1E41100054FF3F /* PlaylistsModelCell.swift */,
				09C42C5E2B21086800C29A94 /* FeaturePlaylistDetailModelCell.swift */,
				093E79392B23B158006D072E /* ItemModelCell.swift */,
				0904BDAA2B3B2B02005D0FBF /* CategoriesModelCell.swift */,
				09572DAB2B3CE5040042C85B /* ArtistModelCell.swift */,
				09A77CC12B4728C300353F25 /* UserModelCell.swift */,
			);
			path = ModelCell;
			sourceTree = "<group>";
		};
		09A77CBB2B47263500353F25 /* Profile */ = {
			isa = PBXGroup;
			children = (
				09A77CBD2B47265200353F25 /* Model */,
				09A77CBC2B47264A00353F25 /* View */,
				09A77CBE2B47265A00353F25 /* ViewModel */,
			);
			path = Profile;
			sourceTree = "<group>";
		};
		09A77CBC2B47264A00353F25 /* View */ = {
			isa = PBXGroup;
			children = (
				093A2F742B124EA700ACDA95 /* ProfileView.swift */,
			);
			path = View;
			sourceTree = "<group>";
		};
		09A77CBD2B47265200353F25 /* Model */ = {
			isa = PBXGroup;
			children = (
				09A9A9F02B2CB9B100013EF9 /* UserProfileResponse.swift */,
			);
			path = Model;
			sourceTree = "<group>";
		};
		09A77CBE2B47265A00353F25 /* ViewModel */ = {
			isa = PBXGroup;
			children = (
				09A77CBF2B4727C600353F25 /* ProfileViewModel.swift */,
			);
			path = ViewModel;
			sourceTree = "<group>";
		};
		09A9A9EF2B2CB96600013EF9 /* Profile */ = {
			isa = PBXGroup;
			children = (
			);
			path = Profile;
			sourceTree = "<group>";
		};
		09C42C5B2B20CDDF00C29A94 /* Model */ = {
			isa = PBXGroup;
			children = (
				09C42C5C2B20CDF600C29A94 /* PlaylistDetailResponse.swift */,
			);
			path = Model;
			sourceTree = "<group>";
		};
		09ECA0E82B18CC4C00C84DAE /* PlaySong */ = {
			isa = PBXGroup;
			children = (
				09ECA0EC2B18CC9300C84DAE /* ViewModel */,
				09ECA0EB2B18CC8700C84DAE /* View */,
			);
			path = PlaySong;
			sourceTree = "<group>";
		};
		09ECA0EB2B18CC8700C84DAE /* View */ = {
			isa = PBXGroup;
			children = (
				09ECA0E92B18CC8000C84DAE /* PlayView.swift */,
			);
			path = View;
			sourceTree = "<group>";
		};
		09ECA0EC2B18CC9300C84DAE /* ViewModel */ = {
			isa = PBXGroup;
			children = (
				096E23DD2B1A4D7D00986F43 /* PlaySongViewModel.swift */,
			);
			path = ViewModel;
			sourceTree = "<group>";
		};
/* End PBXGroup section */

/* Begin PBXNativeTarget section */
		093DD8442B0A675C0017C83D /* Spotify */ = {
			isa = PBXNativeTarget;
			buildConfigurationList = 093DD8532B0A67600017C83D /* Build configuration list for PBXNativeTarget "Spotify" */;
			buildPhases = (
				093DD8412B0A675C0017C83D /* Sources */,
				093DD8422B0A675C0017C83D /* Frameworks */,
				093DD8432B0A675C0017C83D /* Resources */,
			);
			buildRules = (
			);
			dependencies = (
			);
			name = Spotify;
			productName = Spotify;
			productReference = 093DD8452B0A675C0017C83D /* Spotify.app */;
			productType = "com.apple.product-type.application";
		};
/* End PBXNativeTarget section */

/* Begin PBXProject section */
		093DD83D2B0A675C0017C83D /* Project object */ = {
			isa = PBXProject;
			attributes = {
				BuildIndependentTargetsInParallel = 1;
				LastSwiftUpdateCheck = 1420;
				LastUpgradeCheck = 1420;
				TargetAttributes = {
					093DD8442B0A675C0017C83D = {
						CreatedOnToolsVersion = 14.2;
					};
				};
			};
			buildConfigurationList = 093DD8402B0A675C0017C83D /* Build configuration list for PBXProject "Spotify" */;
			compatibilityVersion = "Xcode 14.0";
			developmentRegion = en;
			hasScannedForEncodings = 0;
			knownRegions = (
				en,
				Base,
			);
			mainGroup = 093DD83C2B0A675C0017C83D;
			productRefGroup = 093DD8462B0A675C0017C83D /* Products */;
			projectDirPath = "";
			projectRoot = "";
			targets = (
				093DD8442B0A675C0017C83D /* Spotify */,
			);
		};
/* End PBXProject section */

/* Begin PBXResourcesBuildPhase section */
		093DD8432B0A675C0017C83D /* Resources */ = {
			isa = PBXResourcesBuildPhase;
			buildActionMask = 2147483647;
			files = (
				099C9FB82B14EB2C00125255 /* AlbumDetail.json in Resources */,
				09ADF2272B1E44150054FF3F /* FeaturePlaylist.json in Resources */,
				093A2F8C2B12AFE700ACDA95 /* NewReleases.json in Resources */,
				093DD8502B0A67600017C83D /* Preview Assets.xcassets in Resources */,
				093DD84D2B0A67600017C83D /* Assets.xcassets in Resources */,
			);
			runOnlyForDeploymentPostprocessing = 0;
		};
/* End PBXResourcesBuildPhase section */

/* Begin PBXSourcesBuildPhase section */
		093DD8412B0A675C0017C83D /* Sources */ = {
			isa = PBXSourcesBuildPhase;
			buildActionMask = 2147483647;
			files = (
				09A77CBA2B448AE700353F25 /* TopTracksArtistsResponse.swift in Sources */,
				0904BDA52B3A2BC6005D0FBF /* SearchViewModel.swift in Sources */,
				093A2F772B124F2000ACDA95 /* LibraryView.swift in Sources */,
				095F9C332B1E4D8A00AA8C0D /* ImageModifier.swift in Sources */,
				099C9FBA2B14F09B00125255 /* AlbumHeaderView.swift in Sources */,
				093A2F7B2B125A4F00ACDA95 /* BrowserViewModel.swift in Sources */,
				09CBEF922B3DD58A0021FBBB /* LoadingView.swift in Sources */,
				095EA5052B2A1FBF00AB99C8 /* LabelTrackView.swift in Sources */,
				09ECA0E52B177F5400C84DAE /* TrackCoverView.swift in Sources */,
				099C9FB42B14E61E00125255 /* AlbumDetailModelCell.swift in Sources */,
				09ECA0EA2B18CC8000C84DAE /* PlayView.swift in Sources */,
				093DD85E2B0A6A950017C83D /* LogInView.swift in Sources */,
				09A77CC42B4777DC00353F25 /* AlbumsListVerticalView.swift in Sources */,
				093A2F752B124EA700ACDA95 /* ProfileView.swift in Sources */,
				09ADF21F2B1E38CD0054FF3F /* FeaturePlaylistResponse.swift in Sources */,
				0904BDA92B3B27C3005D0FBF /* CategoriesResponse.swift in Sources */,
				093E793C2B23B765006D072E /* ItemCoverView.swift in Sources */,
				093E793A2B23B158006D072E /* ItemModelCell.swift in Sources */,
				097D53942B0A86C40022E076 /* AuthManager.swift in Sources */,
				09F7BC7B2B13B52800DE2861 /* AudioTrackResponse.swift in Sources */,
				093A2F8E2B12B62D00ACDA95 /* AlbumCoverView.swift in Sources */,
				0904BDAB2B3B2B02005D0FBF /* CategoriesModelCell.swift in Sources */,
				093A2F812B1260C900ACDA95 /* APIImage.swift in Sources */,
				09A9A9F12B2CB9B100013EF9 /* UserProfileResponse.swift in Sources */,
				095EA4F92B24BC6000AB99C8 /* LibraryAlbumsResponse.swift in Sources */,
				095EA5012B29FCD400AB99C8 /* ShuffleButtonView.swift in Sources */,
				09828ADC2B59A19200330A2B /* GenresListView.swift in Sources */,
				0904BDA72B3B1B5A005D0FBF /* CardCategoryView.swift in Sources */,
				09A8E9ED2B53080600C192BF /* AlbumsScrollView.swift in Sources */,
				09C42C5D2B20CDF600C29A94 /* PlaylistDetailResponse.swift in Sources */,
				093DD8642B0A7EE20017C83D /* Extensions.swift in Sources */,
				093E79382B237208006D072E /* LibraryViewModel.swift in Sources */,
				093DD84B2B0A675C0017C83D /* ContentView.swift in Sources */,
				09C42C5F2B21086800C29A94 /* FeaturePlaylistDetailModelCell.swift in Sources */,
				099D485F2B165D9200847372 /* GenreResponse.swift in Sources */,
				09C42C612B2111AC00C29A94 /* PlaylistHeaderDetailView.swift in Sources */,
				09ADF2232B1E41100054FF3F /* PlaylistsModelCell.swift in Sources */,
				093A2F732B124E8500ACDA95 /* SearchView.swift in Sources */,
				097D53902B0A83E60022E076 /* AuthValidation.swift in Sources */,
				09A77CC02B4727C600353F25 /* ProfileViewModel.swift in Sources */,
				099E47A02B30BB340078BDB6 /* FavoriteTracksResponse.swift in Sources */,
				095EA4FB2B2752C300AB99C8 /* PlaylistVerticalView.swift in Sources */,
				09FFCE422B52082B007E5B93 /* TracksListVerticalView.swift in Sources */,
				09A77CC22B4728C300353F25 /* UserModelCell.swift in Sources */,
				093A2F7F2B12609600ACDA95 /* NewReleasesResponse.swift in Sources */,
				097D53922B0A85C50022E076 /* AuthViewController.swift in Sources */,
				093DD8492B0A675C0017C83D /* SpotifyApp.swift in Sources */,
				09A8E9EB2B5301D800C192BF /* PlaylistListVerticalView.swift in Sources */,
				093A2F6F2B124A9F00ACDA95 /* BrowseView.swift in Sources */,
				093A2F7D2B125BB200ACDA95 /* APIManager.swift in Sources */,
				095F9C352B20BF8800AA8C0D /* PlaylistCoverView.swift in Sources */,
				09A9A9EE2B2C9CC100013EF9 /* CreatePlaylistsView.swift in Sources */,
				095EA4FF2B2773A400AB99C8 /* FavoriteButtonView.swift in Sources */,
				093DD8602B0A6ACF0017C83D /* Constants.swift in Sources */,
				09ECA0EE2B19057400C84DAE /* VolumenManager.swift in Sources */,
				09572DAC2B3CE5040042C85B /* ArtistModelCell.swift in Sources */,
				095EA4FD2B276F2700AB99C8 /* PlayButtonView.swift in Sources */,
				09828ADA2B599AC700330A2B /* OptionsListBrowserView.swift in Sources */,
				094D58E02B13A6B20083CFC6 /* AlbumDetailView.swift in Sources */,
				0954F6512B169C45008B0377 /* TrackModelCell.swift in Sources */,
				095EA5032B2A0E9F00AB99C8 /* UserPlaylistPVMView.swift in Sources */,
				096E23DE2B1A4D7D00986F43 /* PlaySongViewModel.swift in Sources */,
				09ADF2252B1E436F0054FF3F /* PlaylistScrollView.swift in Sources */,
				09C42C582B20C88700C29A94 /* PlaylistDetailViewModel.swift in Sources */,
				099D48612B1664D400847372 /* RecomendationResponse.swift in Sources */,
				09E4F04E2B1B94C6005BABE5 /* PlaybackManager.swift in Sources */,
				099D48652B16918900847372 /* RecomendationScrollView.swift in Sources */,
				097D53972B0A89480022E076 /* AuthResponse.swift in Sources */,
				09F7BC792B13B4D300DE2861 /* AlbumDetailsResponse.swift in Sources */,
				0974754A2B2F679B00D308CC /* CreateNewPlaylistView.swift in Sources */,
				099E479E2B30AB5B0078BDB6 /* AlbumVerticalView.swift in Sources */,
				09FFCE442B52095E007E5B93 /* TitleButtonContexMenuView.swift in Sources */,
				09A77CB62B446E1400353F25 /* ArtistView.swift in Sources */,
				09F7BC7D2B13BA7200DE2861 /* AlbumDetailViewModel.swift in Sources */,
				093A2F832B1260ED00ACDA95 /* ArtistsResponse.swift in Sources */,
				09ADF2212B1E395B0054FF3F /* UserResponse.swift in Sources */,
				093A2F792B124F8500ACDA95 /* TabBarView.swift in Sources */,
				09572DA62B3C87110042C85B /* CategoryView.swift in Sources */,
				09572DAA2B3C9A700042C85B /* SearchResultResponse.swift in Sources */,
				099C9FB22B14DD8C00125255 /* NewReleasesModelCell.swift in Sources */,
				09D940962B5377FB0094AB37 /* ErrorLoadingView.swift in Sources */,
				09828ADE2B59BC3600330A2B /* TrackByGenresView.swift in Sources */,
				09CE21BF2B34B35800B0CC7C /* UserPlaylistAVMView.swift in Sources */,
				09C42C5A2B20C93100C29A94 /* PlaylistDetailView.swift in Sources */,
				093DD8622B0A7B610017C83D /* CustomButtonModifier.swift in Sources */,
				093A2F862B12AC2C00ACDA95 /* ModelData.swift in Sources */,
				09A77CB82B44746800353F25 /* ArtistDetailResponse.swift in Sources */,
				09572DA82B3C91D80042C85B /* SearchResultView.swift in Sources */,
			);
			runOnlyForDeploymentPostprocessing = 0;
		};
/* End PBXSourcesBuildPhase section */

/* Begin XCBuildConfiguration section */
		093DD8512B0A67600017C83D /* Debug */ = {
			isa = XCBuildConfiguration;
			buildSettings = {
				ALWAYS_SEARCH_USER_PATHS = NO;
				CLANG_ANALYZER_NONNULL = YES;
				CLANG_ANALYZER_NUMBER_OBJECT_CONVERSION = YES_AGGRESSIVE;
				CLANG_CXX_LANGUAGE_STANDARD = "gnu++20";
				CLANG_ENABLE_MODULES = YES;
				CLANG_ENABLE_OBJC_ARC = YES;
				CLANG_ENABLE_OBJC_WEAK = YES;
				CLANG_WARN_BLOCK_CAPTURE_AUTORELEASING = YES;
				CLANG_WARN_BOOL_CONVERSION = YES;
				CLANG_WARN_COMMA = YES;
				CLANG_WARN_CONSTANT_CONVERSION = YES;
				CLANG_WARN_DEPRECATED_OBJC_IMPLEMENTATIONS = YES;
				CLANG_WARN_DIRECT_OBJC_ISA_USAGE = YES_ERROR;
				CLANG_WARN_DOCUMENTATION_COMMENTS = YES;
				CLANG_WARN_EMPTY_BODY = YES;
				CLANG_WARN_ENUM_CONVERSION = YES;
				CLANG_WARN_INFINITE_RECURSION = YES;
				CLANG_WARN_INT_CONVERSION = YES;
				CLANG_WARN_NON_LITERAL_NULL_CONVERSION = YES;
				CLANG_WARN_OBJC_IMPLICIT_RETAIN_SELF = YES;
				CLANG_WARN_OBJC_LITERAL_CONVERSION = YES;
				CLANG_WARN_OBJC_ROOT_CLASS = YES_ERROR;
				CLANG_WARN_QUOTED_INCLUDE_IN_FRAMEWORK_HEADER = YES;
				CLANG_WARN_RANGE_LOOP_ANALYSIS = YES;
				CLANG_WARN_STRICT_PROTOTYPES = YES;
				CLANG_WARN_SUSPICIOUS_MOVE = YES;
				CLANG_WARN_UNGUARDED_AVAILABILITY = YES_AGGRESSIVE;
				CLANG_WARN_UNREACHABLE_CODE = YES;
				CLANG_WARN__DUPLICATE_METHOD_MATCH = YES;
				COPY_PHASE_STRIP = NO;
				DEBUG_INFORMATION_FORMAT = dwarf;
				ENABLE_STRICT_OBJC_MSGSEND = YES;
				ENABLE_TESTABILITY = YES;
				GCC_C_LANGUAGE_STANDARD = gnu11;
				GCC_DYNAMIC_NO_PIC = NO;
				GCC_NO_COMMON_BLOCKS = YES;
				GCC_OPTIMIZATION_LEVEL = 0;
				GCC_PREPROCESSOR_DEFINITIONS = (
					"DEBUG=1",
					"$(inherited)",
				);
				GCC_WARN_64_TO_32_BIT_CONVERSION = YES;
				GCC_WARN_ABOUT_RETURN_TYPE = YES_ERROR;
				GCC_WARN_UNDECLARED_SELECTOR = YES;
				GCC_WARN_UNINITIALIZED_AUTOS = YES_AGGRESSIVE;
				GCC_WARN_UNUSED_FUNCTION = YES;
				GCC_WARN_UNUSED_VARIABLE = YES;
				IPHONEOS_DEPLOYMENT_TARGET = 16.2;
				MTL_ENABLE_DEBUG_INFO = INCLUDE_SOURCE;
				MTL_FAST_MATH = YES;
				ONLY_ACTIVE_ARCH = YES;
				SDKROOT = iphoneos;
				SWIFT_ACTIVE_COMPILATION_CONDITIONS = DEBUG;
				SWIFT_OPTIMIZATION_LEVEL = "-Onone";
			};
			name = Debug;
		};
		093DD8522B0A67600017C83D /* Release */ = {
			isa = XCBuildConfiguration;
			buildSettings = {
				ALWAYS_SEARCH_USER_PATHS = NO;
				CLANG_ANALYZER_NONNULL = YES;
				CLANG_ANALYZER_NUMBER_OBJECT_CONVERSION = YES_AGGRESSIVE;
				CLANG_CXX_LANGUAGE_STANDARD = "gnu++20";
				CLANG_ENABLE_MODULES = YES;
				CLANG_ENABLE_OBJC_ARC = YES;
				CLANG_ENABLE_OBJC_WEAK = YES;
				CLANG_WARN_BLOCK_CAPTURE_AUTORELEASING = YES;
				CLANG_WARN_BOOL_CONVERSION = YES;
				CLANG_WARN_COMMA = YES;
				CLANG_WARN_CONSTANT_CONVERSION = YES;
				CLANG_WARN_DEPRECATED_OBJC_IMPLEMENTATIONS = YES;
				CLANG_WARN_DIRECT_OBJC_ISA_USAGE = YES_ERROR;
				CLANG_WARN_DOCUMENTATION_COMMENTS = YES;
				CLANG_WARN_EMPTY_BODY = YES;
				CLANG_WARN_ENUM_CONVERSION = YES;
				CLANG_WARN_INFINITE_RECURSION = YES;
				CLANG_WARN_INT_CONVERSION = YES;
				CLANG_WARN_NON_LITERAL_NULL_CONVERSION = YES;
				CLANG_WARN_OBJC_IMPLICIT_RETAIN_SELF = YES;
				CLANG_WARN_OBJC_LITERAL_CONVERSION = YES;
				CLANG_WARN_OBJC_ROOT_CLASS = YES_ERROR;
				CLANG_WARN_QUOTED_INCLUDE_IN_FRAMEWORK_HEADER = YES;
				CLANG_WARN_RANGE_LOOP_ANALYSIS = YES;
				CLANG_WARN_STRICT_PROTOTYPES = YES;
				CLANG_WARN_SUSPICIOUS_MOVE = YES;
				CLANG_WARN_UNGUARDED_AVAILABILITY = YES_AGGRESSIVE;
				CLANG_WARN_UNREACHABLE_CODE = YES;
				CLANG_WARN__DUPLICATE_METHOD_MATCH = YES;
				COPY_PHASE_STRIP = NO;
				DEBUG_INFORMATION_FORMAT = "dwarf-with-dsym";
				ENABLE_NS_ASSERTIONS = NO;
				ENABLE_STRICT_OBJC_MSGSEND = YES;
				GCC_C_LANGUAGE_STANDARD = gnu11;
				GCC_NO_COMMON_BLOCKS = YES;
				GCC_WARN_64_TO_32_BIT_CONVERSION = YES;
				GCC_WARN_ABOUT_RETURN_TYPE = YES_ERROR;
				GCC_WARN_UNDECLARED_SELECTOR = YES;
				GCC_WARN_UNINITIALIZED_AUTOS = YES_AGGRESSIVE;
				GCC_WARN_UNUSED_FUNCTION = YES;
				GCC_WARN_UNUSED_VARIABLE = YES;
				IPHONEOS_DEPLOYMENT_TARGET = 16.2;
				MTL_ENABLE_DEBUG_INFO = NO;
				MTL_FAST_MATH = YES;
				SDKROOT = iphoneos;
				SWIFT_COMPILATION_MODE = wholemodule;
				SWIFT_OPTIMIZATION_LEVEL = "-O";
				VALIDATE_PRODUCT = YES;
			};
			name = Release;
		};
		093DD8542B0A67600017C83D /* Debug */ = {
			isa = XCBuildConfiguration;
			buildSettings = {
				ASSETCATALOG_COMPILER_APPICON_NAME = AppIcon;
				ASSETCATALOG_COMPILER_GLOBAL_ACCENT_COLOR_NAME = AccentColor;
				CODE_SIGN_STYLE = Automatic;
				CURRENT_PROJECT_VERSION = 1;
				DEVELOPMENT_ASSET_PATHS = "\"Spotify/Preview Content\"";
				DEVELOPMENT_TEAM = 5WR73Q6863;
				ENABLE_PREVIEWS = YES;
				GENERATE_INFOPLIST_FILE = YES;
				INFOPLIST_KEY_UIApplicationSceneManifest_Generation = YES;
				INFOPLIST_KEY_UIApplicationSupportsIndirectInputEvents = YES;
				INFOPLIST_KEY_UILaunchScreen_Generation = YES;
				INFOPLIST_KEY_UISupportedInterfaceOrientations_iPad = "UIInterfaceOrientationPortrait UIInterfaceOrientationPortraitUpsideDown UIInterfaceOrientationLandscapeLeft UIInterfaceOrientationLandscapeRight";
				INFOPLIST_KEY_UISupportedInterfaceOrientations_iPhone = "UIInterfaceOrientationPortrait UIInterfaceOrientationLandscapeLeft UIInterfaceOrientationLandscapeRight";
				LD_RUNPATH_SEARCH_PATHS = (
					"$(inherited)",
					"@executable_path/Frameworks",
				);
				MARKETING_VERSION = 1.0;
				PRODUCT_BUNDLE_IDENTIFIER = com.adriancysvillegas.Spotify;
				PRODUCT_NAME = "$(TARGET_NAME)";
				SWIFT_EMIT_LOC_STRINGS = YES;
				SWIFT_VERSION = 5.0;
				TARGETED_DEVICE_FAMILY = "1,2";
			};
			name = Debug;
		};
		093DD8552B0A67600017C83D /* Release */ = {
			isa = XCBuildConfiguration;
			buildSettings = {
				ASSETCATALOG_COMPILER_APPICON_NAME = AppIcon;
				ASSETCATALOG_COMPILER_GLOBAL_ACCENT_COLOR_NAME = AccentColor;
				CODE_SIGN_STYLE = Automatic;
				CURRENT_PROJECT_VERSION = 1;
				DEVELOPMENT_ASSET_PATHS = "\"Spotify/Preview Content\"";
				DEVELOPMENT_TEAM = 5WR73Q6863;
				ENABLE_PREVIEWS = YES;
				GENERATE_INFOPLIST_FILE = YES;
				INFOPLIST_KEY_UIApplicationSceneManifest_Generation = YES;
				INFOPLIST_KEY_UIApplicationSupportsIndirectInputEvents = YES;
				INFOPLIST_KEY_UILaunchScreen_Generation = YES;
				INFOPLIST_KEY_UISupportedInterfaceOrientations_iPad = "UIInterfaceOrientationPortrait UIInterfaceOrientationPortraitUpsideDown UIInterfaceOrientationLandscapeLeft UIInterfaceOrientationLandscapeRight";
				INFOPLIST_KEY_UISupportedInterfaceOrientations_iPhone = "UIInterfaceOrientationPortrait UIInterfaceOrientationLandscapeLeft UIInterfaceOrientationLandscapeRight";
				LD_RUNPATH_SEARCH_PATHS = (
					"$(inherited)",
					"@executable_path/Frameworks",
				);
				MARKETING_VERSION = 1.0;
				PRODUCT_BUNDLE_IDENTIFIER = com.adriancysvillegas.Spotify;
				PRODUCT_NAME = "$(TARGET_NAME)";
				SWIFT_EMIT_LOC_STRINGS = YES;
				SWIFT_VERSION = 5.0;
				TARGETED_DEVICE_FAMILY = "1,2";
			};
			name = Release;
		};
/* End XCBuildConfiguration section */

/* Begin XCConfigurationList section */
		093DD8402B0A675C0017C83D /* Build configuration list for PBXProject "Spotify" */ = {
			isa = XCConfigurationList;
			buildConfigurations = (
				093DD8512B0A67600017C83D /* Debug */,
				093DD8522B0A67600017C83D /* Release */,
			);
			defaultConfigurationIsVisible = 0;
			defaultConfigurationName = Release;
		};
		093DD8532B0A67600017C83D /* Build configuration list for PBXNativeTarget "Spotify" */ = {
			isa = XCConfigurationList;
			buildConfigurations = (
				093DD8542B0A67600017C83D /* Debug */,
				093DD8552B0A67600017C83D /* Release */,
			);
			defaultConfigurationIsVisible = 0;
			defaultConfigurationName = Release;
		};
/* End XCConfigurationList section */
	};
	rootObject = 093DD83D2B0A675C0017C83D /* Project object */;
}
